{
  "originHash" : "73d6d107c2ade028e3bc2e7be5ef31b7722b053f1adb9c89cfb9f25e0a9da862",
  "pins" : [
    {
      "identity" : "quicklayout",
      "kind" : "remoteSourceControl",
      "location" : "https://github.com/facebookincubator/QuickLayout",
      "state" : {
        "branch" : "main",
        "revision" : "62310c0a7f4ec43f3ea6ff89f3824ef6b23b2bb3"
      }
    },
    {
      "identity" : "swift-syntax",
      "kind" : "remoteSourceControl",
      "location" : "https://github.com/apple/swift-syntax.git",
      "state" : {
        "revision" : "0687f71944021d616d34d922343dcef086855920",
        "version" : "600.0.1"
      }
    }
  ],
  "version" : 3
}
