{
  "originHash" : "6a57ba47a3a9f32677f166da3d045d5c33a2f489360f39548f628f14192d0cdf",
  "pins" : [
    {
      "identity" : "applocalization",
      "kind" : "remoteSourceControl",
      "location" : "https://github.com/astralchen/AppLocalization.git",
      "state" : {
        "revision" : "696e0c32638bdd53d2b9451691f344353dcaafc0"
      }
    },
    {
      "identity" : "quicklayout",
      "kind" : "remoteSourceControl",
      "location" : "https://github.com/facebookincubator/QuickLayout",
      "state" : {
        "branch" : "main",
        "revision" : "b6039ce36c233d096a9b6d3d597d3f9f3d90d2f3"
      }
    },
    {
      "identity" : "swift-syntax",
      "kind" : "remoteSourceControl",
      "location" : "https://github.com/swiftlang/swift-syntax.git",
      "state" : {
        "revision" : "4799286537280063c85a32f09884cfbca301b1a1",
        "version" : "602.0.0"
      }
    }
  ],
  "version" : 3
}
